{
  "name": "mobilegarlicoinwallet",
  "version": "1.0.0",
  "lockfileVersion": 1,
  "requires": true,
  "dependencies": {
    "babel-polyfill": {
      "version": "6.26.0",
      "resolved": "https://registry.npmjs.org/babel-polyfill/-/babel-polyfill-6.26.0.tgz",
      "integrity": "sha1-N5k3q8Z9eJWXCtxiHyhM2WbPIVM=",
      "requires": {
        "babel-runtime": "6.26.0",
        "core-js": "2.5.3",
        "regenerator-runtime": "0.10.5"
      }
    },
    "babel-runtime": {
      "version": "6.26.0",
      "resolved": "https://registry.npmjs.org/babel-runtime/-/babel-runtime-6.26.0.tgz",
      "integrity": "sha1-llxwWGaOgrVde/4E/yM3vItWR/4=",
      "requires": {
        "core-js": "2.5.3",
        "regenerator-runtime": "0.11.1"
      },
      "dependencies": {
        "regenerator-runtime": {
          "version": "0.11.1",
          "resolved": "https://registry.npmjs.org/regenerator-runtime/-/regenerator-runtime-0.11.1.tgz",
          "integrity": "sha512-MguG95oij0fC3QV3URf4V2SDYGJhJnJGqvIIgdECeODCT98wSWDAJ94SSuVpYQUoTcGUIL6L4yNB7j1DFFHSBg=="
        }
      }
    },
    "core-js": {
      "version": "2.5.3",
      "resolved": "https://registry.npmjs.org/core-js/-/core-js-2.5.3.tgz",
      "integrity": "sha1-isw4NFgk8W2DZbfJtCWRaOjtYD4="
    },
    "cors-anywhere": {
      "version": "0.4.1",
      "resolved": "https://registry.npmjs.org/cors-anywhere/-/cors-anywhere-0.4.1.tgz",
      "integrity": "sha512-UKK0g2uT63x3hvyU1jjdSOPY4zIOB0iXveA7puYm8QIprQ1KVQQEFVbDHg5q02c5uAEYy+yY2Ic0RAC45dF2Ag==",
      "requires": {
        "http-proxy": "1.11.1",
        "proxy-from-env": "0.0.1"
      }
    },
    "es6-promise": {
      "version": "4.2.4",
      "resolved": "https://registry.npmjs.org/es6-promise/-/es6-promise-4.2.4.tgz",
      "integrity": "sha512-/NdNZVJg+uZgtm9eS3O6lrOLYmQag2DjdEXuPaHlZ6RuVqgqaVZfgYCepEIKsLqwdQArOPtC3XzRLqGGfT8KQQ=="
    },
    "eventemitter3": {
      "version": "1.2.0",
      "resolved": "https://registry.npmjs.org/eventemitter3/-/eventemitter3-1.2.0.tgz",
      "integrity": "sha1-HIaZHYFq0eUEdQ5zh0Ik7PO+xQg="
    },
    "fsm-as-promised": {
      "version": "0.13.2",
      "resolved": "https://registry.npmjs.org/fsm-as-promised/-/fsm-as-promised-0.13.2.tgz",
      "integrity": "sha1-X04RCGgotwoZItx7T4HAgX1ugjg=",
      "requires": {
        "es6-promise": "4.2.4",
        "lodash": "4.17.5",
        "stampit": "3.2.1"
      }
    },
    "http-proxy": {
      "version": "1.11.1",
      "resolved": "https://registry.npmjs.org/http-proxy/-/http-proxy-1.11.1.tgz",
      "integrity": "sha1-cd9VdX6ALVjqgQ3yJEAZ3aBa6F0=",
      "requires": {
        "eventemitter3": "1.2.0",
        "requires-port": "0.0.1"
      }
    },
    "instascan": {
      "version": "1.0.0",
      "resolved": "https://registry.npmjs.org/instascan/-/instascan-1.0.0.tgz",
      "integrity": "sha1-3llJ9z9pj43/aN8Ke89pQqeZ7kQ=",
      "requires": {
        "babel-polyfill": "6.26.0",
        "fsm-as-promised": "0.13.2",
        "visibilityjs": "1.2.6",
        "webrtc-adapter": "1.4.0"
      }
    },
    "lodash": {
      "version": "4.17.5",
      "resolved": "https://registry.npmjs.org/lodash/-/lodash-4.17.5.tgz",
      "integrity": "sha512-svL3uiZf1RwhH+cWrfZn3A4+U58wbP0tGVTLQPbjplZxZ8ROD9VLuNgsRniTlLe7OlSqR79RUehXgpBW/s0IQw=="
    },
    "proxy-from-env": {
      "version": "0.0.1",
      "resolved": "https://registry.npmjs.org/proxy-from-env/-/proxy-from-env-0.0.1.tgz",
      "integrity": "sha1-snxJRunm1dutt1mKZDXTAUxM/Uk="
    },
    "regenerator-runtime": {
      "version": "0.10.5",
      "resolved": "https://registry.npmjs.org/regenerator-runtime/-/regenerator-runtime-0.10.5.tgz",
      "integrity": "sha1-M2w+/BIgrc7dosn6tntaeVWjNlg="
    },
    "requires-port": {
      "version": "0.0.1",
      "resolved": "https://registry.npmjs.org/requires-port/-/requires-port-0.0.1.tgz",
      "integrity": "sha1-S0QUQR2d98hVmV3YmajHiilRwW0="
    },
    "sdp": {
      "version": "1.5.4",
      "resolved": "https://registry.npmjs.org/sdp/-/sdp-1.5.4.tgz",
      "integrity": "sha1-jgOPbdsUvXZa4fS1IW4SCUUR4NA="
    },
    "stampit": {
      "version": "3.2.1",
      "resolved": "https://registry.npmjs.org/stampit/-/stampit-3.2.1.tgz",
      "integrity": "sha1-lTpBpJRYoLKG/7HjydbOcDblids="
    },
    "visibilityjs": {
      "version": "1.2.6",
      "resolved": "https://registry.npmjs.org/visibilityjs/-/visibilityjs-1.2.6.tgz",
      "integrity": "sha512-lrmDRl3LTW6oxTALGgnFwJDxlrRUAxY4qd4fWpln/li8E0OriCPf8KjF5Xn8woZRg98LMVTdes5x8Wn61LZrxg=="
    },
    "webrtc-adapter": {
      "version": "1.4.0",
      "resolved": "https://registry.npmjs.org/webrtc-adapter/-/webrtc-adapter-1.4.0.tgz",
      "integrity": "sha1-WCiaY9BUxls2+w7zieovbQx/XZg=",
      "requires": {
        "sdp": "1.5.4"
      }
    }
  }
}
